{
    "_meta": {
        "hash": {
            "sha256": "52cc4b5ea96b2527cab075115d53135db35347224fb7dfd89fa27cbbb74d1f95"
        },
        "pipfile-spec": 6,
        "requires": {
            "python_version": "3.7"
        },
        "sources": [
            {
                "name": "pypi",
                "url": "https://pypi.org/simple",
                "verify_ssl": true
            }
        ]
    },
    "default": {
        "e1839a8": {
            "extras": [
                "dev"
            ],
            "path": "."
        }
    },
    "develop": {}
}
